
Microsoft Visual Studio Solution File, Format Version 12.00
# Visual Studio Version 16
VisualStudioVersion = 16.0.29424.173
MinimumVisualStudioVersion = 10.0.40219.1
Project("{FAE04EC0-301F-11D3-BF4B-00C04F79EFBC}") = "MultiplicationTable", "MultiplicationTable\MultiplicationTable.csproj", "{128F906F-A87D-4483-A6B1-7D01C3F9DE1F}"
EndProject
Global
	GlobalSection(SolutionConfigurationPlatforms) = preSolution
		Debug|Any CPU = Debug|Any CPU
		Release|Any CPU = Release|Any CPU
	EndGlobalSection
	GlobalSection(ProjectConfigurationPlatforms) = postSolution
		{128F906F-A87D-4483-A6B1-7D01C3F9DE1F}.Debug|Any CPU.ActiveCfg = Debug|Any CPU
		{128F906F-A87D-4483-A6B1-7D01C3F9DE1F}.Debug|Any CPU.Build.0 = Debug|Any CPU
		{128F906F-A87D-4483-A6B1-7D01C3F9DE1F}.Release|Any CPU.ActiveCfg = Release|Any CPU
		{128F906F-A87D-4483-A6B1-7D01C3F9DE1F}.Release|Any CPU.Build.0 = Release|Any CPU
	EndGlobalSection
	GlobalSection(SolutionProperties) = preSolution
		HideSolutionNode = FALSE
	EndGlobalSection
	GlobalSection(ExtensibilityGlobals) = postSolution
		SolutionGuid = {B7928607-49F5-4B75-BF3E-1D730A98BF6C}
	EndGlobalSection
EndGlobal
